{
    "version": 3,
    "terraform_version": "0.11.8",
    "serial": 6,
    "lineage": "20e6bdc2-70cd-29d1-d332-a6869a8e2b61",
    "modules": [
        {
            "path": [
                "root"
            ],
            "outputs": {
                "Webserver-AD1": {
                    "sensitive": false,
                    "type": "list",
                    "value": [
                        "129.213.151.92"
                    ]
                },
                "Webserver-AD2": {
                    "sensitive": false,
                    "type": "list",
                    "value": [
                        "132.145.213.223"
                    ]
                }
            },
            "resources": {
                "data.oci_identity_availability_domains.ashburn": {
                    "type": "oci_identity_availability_domains",
                    "depends_on": [],
                    "primary": {
                        "id": "2019-04-12 07:56:02.81306 +0000 UTC",
                        "attributes": {
                            "availability_domains.#": "3",
                            "availability_domains.0.compartment_id": "ocid1.tenancy.oc1..aaaaaaaaxd5s7oyjdshdfrtcyccrofj24otfsyald4cuxcxd6ceoxw5copjq",
                            "availability_domains.0.id": "ocid1.availabilitydomain.oc1..aaaaaaaauvt2n7pijol7uqgdnnsoojcukrijtmcltvfwxazmitk235wyohta",
                            "availability_domains.0.name": "fyhg:US-ASHBURN-AD-1",
                            "availability_domains.1.compartment_id": "ocid1.tenancy.oc1..aaaaaaaaxd5s7oyjdshdfrtcyccrofj24otfsyald4cuxcxd6ceoxw5copjq",
                            "availability_domains.1.id": "ocid1.availabilitydomain.oc1..aaaaaaaatrwxaogr7dl4yschqtrmqrdv6uzis3mgbnomiagqrfhcb7mxsfdq",
                            "availability_domains.1.name": "fyhg:US-ASHBURN-AD-2",
                            "availability_domains.2.compartment_id": "ocid1.tenancy.oc1..aaaaaaaaxd5s7oyjdshdfrtcyccrofj24otfsyald4cuxcxd6ceoxw5copjq",
                            "availability_domains.2.id": "ocid1.availabilitydomain.oc1..aaaaaaaaztunlny6ae4yw2vghp5go2zceaonwp6wiioe3tnh2vlaxjjl2n3a",
                            "availability_domains.2.name": "fyhg:US-ASHBURN-AD-3",
                            "compartment_id": "ocid1.tenancy.oc1..aaaaaaaaxd5s7oyjdshdfrtcyccrofj24otfsyald4cuxcxd6ceoxw5copjq",
                            "id": "2019-04-12 07:56:02.81306 +0000 UTC"
                        },
                        "meta": {},
                        "tainted": false
                    },
                    "deposed": [],
                    "provider": "provider.oci"
                },
                "oci_core_instance.Webserver-AD1": {
                    "type": "oci_core_instance",
                    "depends_on": [
                        "data.oci_identity_availability_domains.ashburn",
                        "oci_core_subnet.subnet1"
                    ],
                    "primary": {
                        "id": "ocid1.instance.oc1.iad.abuwcljrh5jaba3nuwoo4vowv3piewiezk3yxyjlnfji26d3mc6qjvqmudrq",
                        "attributes": {
                            "availability_domain": "fyhg:US-ASHBURN-AD-1",
                            "boot_volume_id": "ocid1.bootvolume.oc1.iad.abuwcljryvwn2b33n5pwzhwgwo72vpngfnoe3xqwh5e5vwel7p6ef27n23ua",
                            "compartment_id": "ocid1.compartment.oc1..aaaaaaaa4fscbocy6r2v3hw6w3y577bzaoyj62gtqr4rtb2hw64mvr2lb3ya",
                            "create_vnic_details.#": "1",
                            "create_vnic_details.0.assign_public_ip": "true",
                            "create_vnic_details.0.defined_tags.%": "0",
                            "create_vnic_details.0.display_name": "primaryvnic",
                            "create_vnic_details.0.freeform_tags.%": "0",
                            "create_vnic_details.0.hostname_label": "",
                            "create_vnic_details.0.private_ip": "10.0.10.2",
                            "create_vnic_details.0.skip_source_dest_check": "false",
                            "create_vnic_details.0.subnet_id": "ocid1.subnet.oc1.iad.aaaaaaaatf3pauk4faj4h4gqz2kuh5qznmudaexn4u3z6y2q4a7i2o4hkzoq",
                            "defined_tags.%": "0",
                            "display_name": "Webserver-ASHBURN_AD1",
                            "fault_domain": "FAULT-DOMAIN-2",
                            "freeform_tags.%": "0",
                            "hostname_label": "",
                            "id": "ocid1.instance.oc1.iad.abuwcljrh5jaba3nuwoo4vowv3piewiezk3yxyjlnfji26d3mc6qjvqmudrq",
                            "image": "ocid1.image.oc1.iad.aaaaaaaaiu73xa6afjzskjwvt3j5shpmboxtlo7yw4xpeqpdz5czpde7px2a",
                            "launch_mode": "NATIVE",
                            "launch_options.#": "1",
                            "launch_options.0.boot_volume_type": "PARAVIRTUALIZED",
                            "launch_options.0.firmware": "UEFI_64",
                            "launch_options.0.is_consistent_volume_naming_enabled": "false",
                            "launch_options.0.is_pv_encryption_in_transit_enabled": "true",
                            "launch_options.0.network_type": "VFIO",
                            "launch_options.0.remote_data_volume_type": "PARAVIRTUALIZED",
                            "metadata.%": "2",
                            "metadata.ssh_authorized_keys": "ssh-rsa AAAAB3NzaC1yc2EAAAADAQABAAABAQDCllzCbs85bP4Ac7twzfcGamxvN3RuyVut8Dij6hY2t+ONYOP8Fjqxc0XyyS0BHpfzhvCvGtuMu6l82wSB2aseH0G4sthPbmTbnvNrOYGm7lf/milApc18DE6IDYlz/obe+l0h6t9mY7lsQxunIKLMvRDfbS1+DjEUU1ohfimMIYTnhje+tvTfZ3sLFS+PPRs+8iAJWT/Ls4EW053coxkfHafGj16UXKVgdONhCpNpS3RaoMqSVSuMwyjQx8fqxMA1pK11jVwBkAX3EDg8YClnMKyKGKCu3suOJuLJGzE72IDUhKVtXj/PQ/2XH7qz4ELMzzLEn4PPgMrnLFN9AHrJ sararif@sararif-mac",
                            "metadata.user_data": "IyEvYmluL2Jhc2ggLXgKZWNobyAnIyMjIyMjIyMjIyMjIyMjIyMjIyB3ZWJzZXJ2ZXIgdXNlcmRhdGEgYmVnaW5zICMjIyMjIyMjIyMjIyMjIyMjIyMjIycKdG91Y2ggfm9wYy91c2VyZGF0YS5gZGF0ZSArJXNgLnN0YXJ0CgojIGVjaG8gJyMjIyMjIyMjIyMgeXVtIHVwZGF0ZSBhbGwgIyMjIyMjIyMjIyMjIyMjJwojIHl1bSB1cGRhdGUgLXkKCmVjaG8gJyMjIyMjIyMjIyMgYmFzaWMgd2Vic2VydmVyICMjIyMjIyMjIyMjIyMjJwp5dW0gaW5zdGFsbCAteSBodHRwZApzeXN0ZW1jdGwgZW5hYmxlICBodHRwZC5zZXJ2aWNlCnN5c3RlbWN0bCBzdGFydCAgaHR0cGQuc2VydmljZQoKZWNobyAnPGh0bWw+PGhlYWQ+PC9oZWFkPjxib2R5PjxwcmU+PGNvZGU+JyA+IC92YXIvd3d3L2h0bWwvaW5kZXguaHRtbAplYWNoICcnID4+IC92YXIvd3d3L2h0bWwvaW5kZXguaHRtbAplY2hvICc8SDE+PHAgc3R5bGU9ImNvbG9yOnJlZDsiPicgPj4gL3Zhci93d3cvaHRtbC9pbmRleC5odG1sCgpob3N0bmFtZSA+PiAvdmFyL3d3dy9odG1sL2luZGV4Lmh0bWwKCmVjaG8gJzwvcD48L0gxPicgPj4gL3Zhci93d3cvaHRtbC9pbmRleC5odG1sCmVjaG8gJzxwPicgPj4gL3Zhci93d3cvaHRtbC9pbmRleC5odG1sCmVjaG8gJzxpbWcgc3JjPSJodHRwOi8vYml0Lmx5LzJOQmE4TUEiIGFsdD0iT09XMjAxOCIgYWxpZ249ImxlZnQiPicgPj4gL3Zhci93d3cvaHRtbC9pbmRleC5odG1sCgplY2hvICc8L2NvZGU+PC9wcmU+PC9ib2R5PjwvaHRtbD4nID4+IC92YXIvd3d3L2h0bWwvaW5kZXguaHRtbAoKZmlyZXdhbGwtb2ZmbGluZS1jbWQgLS1hZGQtc2VydmljZT1odHRwCnN5c3RlbWN0bCBlbmFibGUgIGZpcmV3YWxsZApzeXN0ZW1jdGwgcmVzdGFydCAgZmlyZXdhbGxkCgp0b3VjaCB+b3BjL3VzZXJkYXRhLmBkYXRlICslc2AuZmluaXNoCmVjaG8gJyMjIyMjIyMjIyMjIyMjIyMjIyMgd2Vic2VydmVyIHVzZXJkYXRhIGVuZHMgIyMjIyMjIyMjIyMjIyMjIyMjIyMjIyMnCg==",
                            "private_ip": "10.0.10.2",
                            "public_ip": "129.213.151.92",
                            "region": "iad",
                            "shape": "VM.Standard1.2",
                            "source_details.#": "1",
                            "source_details.0.boot_volume_size_in_gbs": "47",
                            "source_details.0.kms_key_id": "",
                            "source_details.0.source_id": "ocid1.image.oc1.iad.aaaaaaaaiu73xa6afjzskjwvt3j5shpmboxtlo7yw4xpeqpdz5czpde7px2a",
                            "source_details.0.source_type": "image",
                            "state": "RUNNING",
                            "subnet_id": "ocid1.subnet.oc1.iad.aaaaaaaatf3pauk4faj4h4gqz2kuh5qznmudaexn4u3z6y2q4a7i2o4hkzoq",
                            "time_created": "2019-04-12 07:56:23.789 +0000 UTC",
                            "time_maintenance_reboot_due": ""
                        },
                        "meta": {
                            "e2bfb730-ecaa-11e6-8f88-34363bc7c4c0": {
                                "create": 3600000000000,
                                "delete": 7200000000000,
                                "update": 7200000000000
                            }
                        },
                        "tainted": false
                    },
                    "deposed": [],
                    "provider": "provider.oci"
                },
                "oci_core_instance.Webserver-AD2": {
                    "type": "oci_core_instance",
                    "depends_on": [
                        "data.oci_identity_availability_domains.ashburn",
                        "oci_core_subnet.subnet2"
                    ],
                    "primary": {
                        "id": "ocid1.instance.oc1.iad.abuwcljt4tsakeupfpovtxfynitfza363a6eiob6bwtp64mzig4y66563isa",
                        "attributes": {
                            "availability_domain": "fyhg:US-ASHBURN-AD-2",
                            "boot_volume_id": "ocid1.bootvolume.oc1.iad.abuwcljtpyoatlup6hbceqt7nl562me7ohmj3xdp7qcvsc2dtmi26h34weia",
                            "compartment_id": "ocid1.compartment.oc1..aaaaaaaa4fscbocy6r2v3hw6w3y577bzaoyj62gtqr4rtb2hw64mvr2lb3ya",
                            "create_vnic_details.#": "1",
                            "create_vnic_details.0.assign_public_ip": "true",
                            "create_vnic_details.0.defined_tags.%": "0",
                            "create_vnic_details.0.display_name": "primaryvnic",
                            "create_vnic_details.0.freeform_tags.%": "0",
                            "create_vnic_details.0.hostname_label": "",
                            "create_vnic_details.0.private_ip": "10.0.20.2",
                            "create_vnic_details.0.skip_source_dest_check": "false",
                            "create_vnic_details.0.subnet_id": "ocid1.subnet.oc1.iad.aaaaaaaaf6tgb5bjoaqewgd5nbjnqwy42xraghjnuyb7ayvojn5hfmbe7tra",
                            "defined_tags.%": "0",
                            "display_name": "Webserver-AD2",
                            "fault_domain": "FAULT-DOMAIN-1",
                            "freeform_tags.%": "0",
                            "hostname_label": "",
                            "id": "ocid1.instance.oc1.iad.abuwcljt4tsakeupfpovtxfynitfza363a6eiob6bwtp64mzig4y66563isa",
                            "image": "ocid1.image.oc1.iad.aaaaaaaaiu73xa6afjzskjwvt3j5shpmboxtlo7yw4xpeqpdz5czpde7px2a",
                            "launch_mode": "NATIVE",
                            "launch_options.#": "1",
                            "launch_options.0.boot_volume_type": "PARAVIRTUALIZED",
                            "launch_options.0.firmware": "UEFI_64",
                            "launch_options.0.is_consistent_volume_naming_enabled": "false",
                            "launch_options.0.is_pv_encryption_in_transit_enabled": "true",
                            "launch_options.0.network_type": "VFIO",
                            "launch_options.0.remote_data_volume_type": "PARAVIRTUALIZED",
                            "metadata.%": "2",
                            "metadata.ssh_authorized_keys": "ssh-rsa AAAAB3NzaC1yc2EAAAADAQABAAABAQDCllzCbs85bP4Ac7twzfcGamxvN3RuyVut8Dij6hY2t+ONYOP8Fjqxc0XyyS0BHpfzhvCvGtuMu6l82wSB2aseH0G4sthPbmTbnvNrOYGm7lf/milApc18DE6IDYlz/obe+l0h6t9mY7lsQxunIKLMvRDfbS1+DjEUU1ohfimMIYTnhje+tvTfZ3sLFS+PPRs+8iAJWT/Ls4EW053coxkfHafGj16UXKVgdONhCpNpS3RaoMqSVSuMwyjQx8fqxMA1pK11jVwBkAX3EDg8YClnMKyKGKCu3suOJuLJGzE72IDUhKVtXj/PQ/2XH7qz4ELMzzLEn4PPgMrnLFN9AHrJ sararif@sararif-mac",
                            "metadata.user_data": "IyEvYmluL2Jhc2ggLXgKZWNobyAnIyMjIyMjIyMjIyMjIyMjIyMjIyB3ZWJzZXJ2ZXIgdXNlcmRhdGEgYmVnaW5zICMjIyMjIyMjIyMjIyMjIyMjIyMjIycKdG91Y2ggfm9wYy91c2VyZGF0YS5gZGF0ZSArJXNgLnN0YXJ0CgojIGVjaG8gJyMjIyMjIyMjIyMgeXVtIHVwZGF0ZSBhbGwgIyMjIyMjIyMjIyMjIyMjJwojIHl1bSB1cGRhdGUgLXkKCmVjaG8gJyMjIyMjIyMjIyMgYmFzaWMgd2Vic2VydmVyICMjIyMjIyMjIyMjIyMjJwp5dW0gaW5zdGFsbCAteSBodHRwZApzeXN0ZW1jdGwgZW5hYmxlICBodHRwZC5zZXJ2aWNlCnN5c3RlbWN0bCBzdGFydCAgaHR0cGQuc2VydmljZQoKZWNobyAnPGh0bWw+PGhlYWQ+PC9oZWFkPjxib2R5PjxwcmU+PGNvZGU+JyA+IC92YXIvd3d3L2h0bWwvaW5kZXguaHRtbAplYWNoICcnID4+IC92YXIvd3d3L2h0bWwvaW5kZXguaHRtbAplY2hvICc8SDE+PHAgc3R5bGU9ImNvbG9yOnJlZDsiPicgPj4gL3Zhci93d3cvaHRtbC9pbmRleC5odG1sCgpob3N0bmFtZSA+PiAvdmFyL3d3dy9odG1sL2luZGV4Lmh0bWwKCmVjaG8gJzwvcD48L0gxPicgPj4gL3Zhci93d3cvaHRtbC9pbmRleC5odG1sCmVjaG8gJzxwPicgPj4gL3Zhci93d3cvaHRtbC9pbmRleC5odG1sCmVjaG8gJzxpbWcgc3JjPSJodHRwOi8vYml0Lmx5LzJOQmE4TUEiIGFsdD0iT09XMjAxOCIgYWxpZ249ImxlZnQiPicgPj4gL3Zhci93d3cvaHRtbC9pbmRleC5odG1sCgplY2hvICc8L2NvZGU+PC9wcmU+PC9ib2R5PjwvaHRtbD4nID4+IC92YXIvd3d3L2h0bWwvaW5kZXguaHRtbAoKZmlyZXdhbGwtb2ZmbGluZS1jbWQgLS1hZGQtc2VydmljZT1odHRwCnN5c3RlbWN0bCBlbmFibGUgIGZpcmV3YWxsZApzeXN0ZW1jdGwgcmVzdGFydCAgZmlyZXdhbGxkCgp0b3VjaCB+b3BjL3VzZXJkYXRhLmBkYXRlICslc2AuZmluaXNoCmVjaG8gJyMjIyMjIyMjIyMjIyMjIyMjIyMgd2Vic2VydmVyIHVzZXJkYXRhIGVuZHMgIyMjIyMjIyMjIyMjIyMjIyMjIyMjIyMnCg==",
                            "private_ip": "10.0.20.2",
                            "public_ip": "132.145.213.223",
                            "region": "iad",
                            "shape": "VM.Standard1.2",
                            "source_details.#": "1",
                            "source_details.0.boot_volume_size_in_gbs": "47",
                            "source_details.0.kms_key_id": "",
                            "source_details.0.source_id": "ocid1.image.oc1.iad.aaaaaaaaiu73xa6afjzskjwvt3j5shpmboxtlo7yw4xpeqpdz5czpde7px2a",
                            "source_details.0.source_type": "image",
                            "state": "RUNNING",
                            "subnet_id": "ocid1.subnet.oc1.iad.aaaaaaaaf6tgb5bjoaqewgd5nbjnqwy42xraghjnuyb7ayvojn5hfmbe7tra",
                            "time_created": "2019-04-12 07:56:24.156 +0000 UTC",
                            "time_maintenance_reboot_due": ""
                        },
                        "meta": {
                            "e2bfb730-ecaa-11e6-8f88-34363bc7c4c0": {
                                "create": 3600000000000,
                                "delete": 7200000000000,
                                "update": 7200000000000
                            }
                        },
                        "tainted": false
                    },
                    "deposed": [],
                    "provider": "provider.oci"
                },
                "oci_core_internet_gateway.igw": {
                    "type": "oci_core_internet_gateway",
                    "depends_on": [
                        "oci_core_virtual_network.vcn_w"
                    ],
                    "primary": {
                        "id": "ocid1.internetgateway.oc1.iad.aaaaaaaapvzr7dtpnw3ciop5j266piooqwuhdw66enj4pzyv2efdni7gkxca",
                        "attributes": {
                            "compartment_id": "ocid1.compartment.oc1..aaaaaaaa4fscbocy6r2v3hw6w3y577bzaoyj62gtqr4rtb2hw64mvr2lb3ya",
                            "defined_tags.%": "0",
                            "display_name": "igw",
                            "enabled": "true",
                            "freeform_tags.%": "0",
                            "id": "ocid1.internetgateway.oc1.iad.aaaaaaaapvzr7dtpnw3ciop5j266piooqwuhdw66enj4pzyv2efdni7gkxca",
                            "state": "AVAILABLE",
                            "time_created": "2019-04-12 07:56:15.74 +0000 UTC",
                            "vcn_id": "ocid1.vcn.oc1.iad.aaaaaaaakpq5a3jbt5ghvfp5umdts5zjio7zpowzx7q3ei67zct4v4ilsp2a"
                        },
                        "meta": {
                            "e2bfb730-ecaa-11e6-8f88-34363bc7c4c0": {
                                "create": 900000000000,
                                "delete": 900000000000,
                                "update": 900000000000
                            }
                        },
                        "tainted": false
                    },
                    "deposed": [],
                    "provider": "provider.oci"
                },
                "oci_core_route_table.rt1": {
                    "type": "oci_core_route_table",
                    "depends_on": [
                        "oci_core_internet_gateway.igw",
                        "oci_core_virtual_network.vcn_w"
                    ],
                    "primary": {
                        "id": "ocid1.routetable.oc1.iad.aaaaaaaawuabcebpqbj6jlrh2zguaeqyyd3zr64f6wfolit6cdrkitj7rtqq",
                        "attributes": {
                            "compartment_id": "ocid1.compartment.oc1..aaaaaaaa4fscbocy6r2v3hw6w3y577bzaoyj62gtqr4rtb2hw64mvr2lb3ya",
                            "defined_tags.%": "0",
                            "display_name": "rt1",
                            "freeform_tags.%": "0",
                            "id": "ocid1.routetable.oc1.iad.aaaaaaaawuabcebpqbj6jlrh2zguaeqyyd3zr64f6wfolit6cdrkitj7rtqq",
                            "route_rules.#": "1",
                            "route_rules.3924875849.cidr_block": "0.0.0.0/0",
                            "route_rules.3924875849.destination": "0.0.0.0/0",
                            "route_rules.3924875849.destination_type": "CIDR_BLOCK",
                            "route_rules.3924875849.network_entity_id": "ocid1.internetgateway.oc1.iad.aaaaaaaapvzr7dtpnw3ciop5j266piooqwuhdw66enj4pzyv2efdni7gkxca",
                            "state": "AVAILABLE",
                            "time_created": "2019-04-12 07:56:16.214 +0000 UTC",
                            "vcn_id": "ocid1.vcn.oc1.iad.aaaaaaaakpq5a3jbt5ghvfp5umdts5zjio7zpowzx7q3ei67zct4v4ilsp2a"
                        },
                        "meta": {
                            "e2bfb730-ecaa-11e6-8f88-34363bc7c4c0": {
                                "create": 900000000000,
                                "delete": 900000000000,
                                "update": 900000000000
                            }
                        },
                        "tainted": false
                    },
                    "deposed": [],
                    "provider": "provider.oci"
                },
                "oci_core_security_list.sl_w": {
                    "type": "oci_core_security_list",
                    "depends_on": [
                        "oci_core_virtual_network.vcn_w"
                    ],
                    "primary": {
                        "id": "ocid1.securitylist.oc1.iad.aaaaaaaaghjvzoztkq6esd2jogghp6ijgcp5wjukwbbw5qcxswhjemscgylq",
                        "attributes": {
                            "compartment_id": "ocid1.compartment.oc1..aaaaaaaa4fscbocy6r2v3hw6w3y577bzaoyj62gtqr4rtb2hw64mvr2lb3ya",
                            "defined_tags.%": "0",
                            "display_name": "sl-loadbalancer",
                            "egress_security_rules.#": "1",
                            "egress_security_rules.1582479153.destination": "0.0.0.0/0",
                            "egress_security_rules.1582479153.destination_type": "CIDR_BLOCK",
                            "egress_security_rules.1582479153.icmp_options.#": "0",
                            "egress_security_rules.1582479153.protocol": "all",
                            "egress_security_rules.1582479153.stateless": "false",
                            "egress_security_rules.1582479153.tcp_options.#": "0",
                            "egress_security_rules.1582479153.udp_options.#": "0",
                            "freeform_tags.%": "0",
                            "id": "ocid1.securitylist.oc1.iad.aaaaaaaaghjvzoztkq6esd2jogghp6ijgcp5wjukwbbw5qcxswhjemscgylq",
                            "ingress_security_rules.#": "6",
                            "ingress_security_rules.1277982996.icmp_options.#": "1",
                            "ingress_security_rules.1277982996.icmp_options.0.code": "4",
                            "ingress_security_rules.1277982996.icmp_options.0.type": "3",
                            "ingress_security_rules.1277982996.protocol": "1",
                            "ingress_security_rules.1277982996.source": "0.0.0.0/0",
                            "ingress_security_rules.1277982996.source_type": "CIDR_BLOCK",
                            "ingress_security_rules.1277982996.stateless": "false",
                            "ingress_security_rules.1277982996.tcp_options.#": "0",
                            "ingress_security_rules.1277982996.udp_options.#": "0",
                            "ingress_security_rules.2847110901.icmp_options.#": "1",
                            "ingress_security_rules.2847110901.icmp_options.0.code": "-1",
                            "ingress_security_rules.2847110901.icmp_options.0.type": "0",
                            "ingress_security_rules.2847110901.protocol": "1",
                            "ingress_security_rules.2847110901.source": "0.0.0.0/0",
                            "ingress_security_rules.2847110901.source_type": "CIDR_BLOCK",
                            "ingress_security_rules.2847110901.stateless": "false",
                            "ingress_security_rules.2847110901.tcp_options.#": "0",
                            "ingress_security_rules.2847110901.udp_options.#": "0",
                            "ingress_security_rules.2986978097.icmp_options.#": "0",
                            "ingress_security_rules.2986978097.protocol": "6",
                            "ingress_security_rules.2986978097.source": "0.0.0.0/0",
                            "ingress_security_rules.2986978097.source_type": "CIDR_BLOCK",
                            "ingress_security_rules.2986978097.stateless": "false",
                            "ingress_security_rules.2986978097.tcp_options.#": "1",
                            "ingress_security_rules.2986978097.tcp_options.0.max": "443",
                            "ingress_security_rules.2986978097.tcp_options.0.min": "443",
                            "ingress_security_rules.2986978097.tcp_options.0.source_port_range.#": "0",
                            "ingress_security_rules.2986978097.udp_options.#": "0",
                            "ingress_security_rules.3733729405.icmp_options.#": "1",
                            "ingress_security_rules.3733729405.icmp_options.0.code": "-1",
                            "ingress_security_rules.3733729405.icmp_options.0.type": "8",
                            "ingress_security_rules.3733729405.protocol": "1",
                            "ingress_security_rules.3733729405.source": "0.0.0.0/0",
                            "ingress_security_rules.3733729405.source_type": "CIDR_BLOCK",
                            "ingress_security_rules.3733729405.stateless": "false",
                            "ingress_security_rules.3733729405.tcp_options.#": "0",
                            "ingress_security_rules.3733729405.udp_options.#": "0",
                            "ingress_security_rules.3861548008.icmp_options.#": "0",
                            "ingress_security_rules.3861548008.protocol": "6",
                            "ingress_security_rules.3861548008.source": "0.0.0.0/0",
                            "ingress_security_rules.3861548008.source_type": "CIDR_BLOCK",
                            "ingress_security_rules.3861548008.stateless": "false",
                            "ingress_security_rules.3861548008.tcp_options.#": "1",
                            "ingress_security_rules.3861548008.tcp_options.0.max": "80",
                            "ingress_security_rules.3861548008.tcp_options.0.min": "80",
                            "ingress_security_rules.3861548008.tcp_options.0.source_port_range.#": "0",
                            "ingress_security_rules.3861548008.udp_options.#": "0",
                            "ingress_security_rules.47193274.icmp_options.#": "0",
                            "ingress_security_rules.47193274.protocol": "6",
                            "ingress_security_rules.47193274.source": "0.0.0.0/0",
                            "ingress_security_rules.47193274.source_type": "CIDR_BLOCK",
                            "ingress_security_rules.47193274.stateless": "false",
                            "ingress_security_rules.47193274.tcp_options.#": "1",
                            "ingress_security_rules.47193274.tcp_options.0.max": "22",
                            "ingress_security_rules.47193274.tcp_options.0.min": "22",
                            "ingress_security_rules.47193274.tcp_options.0.source_port_range.#": "0",
                            "ingress_security_rules.47193274.udp_options.#": "0",
                            "state": "AVAILABLE",
                            "time_created": "2019-04-12 07:56:15.819 +0000 UTC",
                            "vcn_id": "ocid1.vcn.oc1.iad.aaaaaaaakpq5a3jbt5ghvfp5umdts5zjio7zpowzx7q3ei67zct4v4ilsp2a"
                        },
                        "meta": {
                            "e2bfb730-ecaa-11e6-8f88-34363bc7c4c0": {
                                "create": 900000000000,
                                "delete": 900000000000,
                                "update": 900000000000
                            }
                        },
                        "tainted": false
                    },
                    "deposed": [],
                    "provider": "provider.oci"
                },
                "oci_core_subnet.subnet1": {
                    "type": "oci_core_subnet",
                    "depends_on": [
                        "data.oci_identity_availability_domains.ashburn",
                        "oci_core_route_table.rt1",
                        "oci_core_security_list.sl_w",
                        "oci_core_virtual_network.vcn_w"
                    ],
                    "primary": {
                        "id": "ocid1.subnet.oc1.iad.aaaaaaaatf3pauk4faj4h4gqz2kuh5qznmudaexn4u3z6y2q4a7i2o4hkzoq",
                        "attributes": {
                            "availability_domain": "fyhg:US-ASHBURN-AD-1",
                            "cidr_block": "10.0.10.0/24",
                            "compartment_id": "ocid1.compartment.oc1..aaaaaaaa4fscbocy6r2v3hw6w3y577bzaoyj62gtqr4rtb2hw64mvr2lb3ya",
                            "defined_tags.%": "0",
                            "dhcp_options_id": "ocid1.dhcpoptions.oc1.iad.aaaaaaaan5aqs6dlxwsslfuzejnkjw4nngilxbmh6w2ytpslkq5uaj3lflmq",
                            "display_name": "subnet1-AD1",
                            "freeform_tags.%": "0",
                            "id": "ocid1.subnet.oc1.iad.aaaaaaaatf3pauk4faj4h4gqz2kuh5qznmudaexn4u3z6y2q4a7i2o4hkzoq",
                            "prohibit_public_ip_on_vnic": "false",
                            "route_table_id": "ocid1.routetable.oc1.iad.aaaaaaaawuabcebpqbj6jlrh2zguaeqyyd3zr64f6wfolit6cdrkitj7rtqq",
                            "security_list_ids.#": "1",
                            "security_list_ids.3222414891": "ocid1.securitylist.oc1.iad.aaaaaaaaghjvzoztkq6esd2jogghp6ijgcp5wjukwbbw5qcxswhjemscgylq",
                            "state": "AVAILABLE",
                            "time_created": "2019-04-12 07:56:17.511 +0000 UTC",
                            "vcn_id": "ocid1.vcn.oc1.iad.aaaaaaaakpq5a3jbt5ghvfp5umdts5zjio7zpowzx7q3ei67zct4v4ilsp2a",
                            "virtual_router_ip": "10.0.10.1",
                            "virtual_router_mac": "00:00:17:A4:30:3A"
                        },
                        "meta": {
                            "e2bfb730-ecaa-11e6-8f88-34363bc7c4c0": {
                                "create": 900000000000,
                                "delete": 900000000000,
                                "update": 900000000000
                            }
                        },
                        "tainted": false
                    },
                    "deposed": [],
                    "provider": "provider.oci"
                },
                "oci_core_subnet.subnet2": {
                    "type": "oci_core_subnet",
                    "depends_on": [
                        "data.oci_identity_availability_domains.ashburn",
                        "oci_core_route_table.rt1",
                        "oci_core_security_list.sl_w",
                        "oci_core_virtual_network.vcn_w"
                    ],
                    "primary": {
                        "id": "ocid1.subnet.oc1.iad.aaaaaaaaf6tgb5bjoaqewgd5nbjnqwy42xraghjnuyb7ayvojn5hfmbe7tra",
                        "attributes": {
                            "availability_domain": "fyhg:US-ASHBURN-AD-2",
                            "cidr_block": "10.0.20.0/24",
                            "compartment_id": "ocid1.compartment.oc1..aaaaaaaa4fscbocy6r2v3hw6w3y577bzaoyj62gtqr4rtb2hw64mvr2lb3ya",
                            "defined_tags.%": "0",
                            "dhcp_options_id": "ocid1.dhcpoptions.oc1.iad.aaaaaaaan5aqs6dlxwsslfuzejnkjw4nngilxbmh6w2ytpslkq5uaj3lflmq",
                            "display_name": "subnet2-AD2",
                            "freeform_tags.%": "0",
                            "id": "ocid1.subnet.oc1.iad.aaaaaaaaf6tgb5bjoaqewgd5nbjnqwy42xraghjnuyb7ayvojn5hfmbe7tra",
                            "prohibit_public_ip_on_vnic": "false",
                            "route_table_id": "ocid1.routetable.oc1.iad.aaaaaaaawuabcebpqbj6jlrh2zguaeqyyd3zr64f6wfolit6cdrkitj7rtqq",
                            "security_list_ids.#": "1",
                            "security_list_ids.3222414891": "ocid1.securitylist.oc1.iad.aaaaaaaaghjvzoztkq6esd2jogghp6ijgcp5wjukwbbw5qcxswhjemscgylq",
                            "state": "AVAILABLE",
                            "time_created": "2019-04-12 07:56:18.166 +0000 UTC",
                            "vcn_id": "ocid1.vcn.oc1.iad.aaaaaaaakpq5a3jbt5ghvfp5umdts5zjio7zpowzx7q3ei67zct4v4ilsp2a",
                            "virtual_router_ip": "10.0.20.1",
                            "virtual_router_mac": "00:00:17:A4:30:3A"
                        },
                        "meta": {
                            "e2bfb730-ecaa-11e6-8f88-34363bc7c4c0": {
                                "create": 900000000000,
                                "delete": 900000000000,
                                "update": 900000000000
                            }
                        },
                        "tainted": false
                    },
                    "deposed": [],
                    "provider": "provider.oci"
                },
                "oci_core_virtual_network.vcn_w": {
                    "type": "oci_core_virtual_network",
                    "depends_on": [],
                    "primary": {
                        "id": "ocid1.vcn.oc1.iad.aaaaaaaakpq5a3jbt5ghvfp5umdts5zjio7zpowzx7q3ei67zct4v4ilsp2a",
                        "attributes": {
                            "cidr_block": "10.0.0.0/16",
                            "compartment_id": "ocid1.compartment.oc1..aaaaaaaa4fscbocy6r2v3hw6w3y577bzaoyj62gtqr4rtb2hw64mvr2lb3ya",
                            "default_dhcp_options_id": "ocid1.dhcpoptions.oc1.iad.aaaaaaaan5aqs6dlxwsslfuzejnkjw4nngilxbmh6w2ytpslkq5uaj3lflmq",
                            "default_route_table_id": "ocid1.routetable.oc1.iad.aaaaaaaapldmrq77kyzt2vzf27ukdajjdyepeaqyqayltxucvyucmng2hwlq",
                            "default_security_list_id": "ocid1.securitylist.oc1.iad.aaaaaaaaslmh3ydvztlbbup224dh355cqsrufltb5ecr4hkz7odf7dy6wwrq",
                            "defined_tags.%": "0",
                            "display_name": "vcn_webserver",
                            "dns_label": "vcn",
                            "freeform_tags.%": "0",
                            "id": "ocid1.vcn.oc1.iad.aaaaaaaakpq5a3jbt5ghvfp5umdts5zjio7zpowzx7q3ei67zct4v4ilsp2a",
                            "state": "AVAILABLE",
                            "time_created": "2019-04-12 07:56:09.991 +0000 UTC",
                            "vcn_domain_name": "vcn.oraclevcn.com"
                        },
                        "meta": {
                            "e2bfb730-ecaa-11e6-8f88-34363bc7c4c0": {
                                "create": 900000000000,
                                "delete": 900000000000,
                                "update": 900000000000
                            }
                        },
                        "tainted": false
                    },
                    "deposed": [],
                    "provider": "provider.oci"
                }
            },
            "depends_on": []
        }
    ]
}
