{
    "version": 3,
    "terraform_version": "0.11.8",
    "serial": 6,
    "lineage": "8b6457d2-cc1c-e52f-ee98-0a3731a0159c",
    "modules": [
        {
            "path": [
                "root"
            ],
            "outputs": {
                "cluster": {
                    "sensitive": false,
                    "type": "map",
                    "value": {
                        "id": "ocid1.cluster.oc1.iad.aaaaaaaaafrtenztmm4dcyjyga2tayzymeydeyjumnsdgn3dgc4tonrzheyw",
                        "kubernetes_version": "v1.11.1",
                        "name": "OKE_Cluster"
                    }
                },
                "node_pool": {
                    "sensitive": false,
                    "type": "map",
                    "value": {
                        "id": "ocid1.nodepool.oc1.iad.aaaaaaaaae3dsobvgqytgyzxmjtgimjsgi3gkmzumi3gmzrsmnygmyrzme3d",
                        "kubernetes_version": "v1.11.1",
                        "name": "NodePool_1",
                        "subnet_ids": [
                            "ocid1.subnet.oc1.iad.aaaaaaaa4w4selcrsxtlf45yhsonjkeckjnt6ztzfqfdmxzaptm3gzkmjaoq",
                            "ocid1.subnet.oc1.iad.aaaaaaaasqqii2uapa2mo52hri4d6jtstousmdjeiyi56baagqjrepnovnpa"
                        ]
                    }
                }
            },
            "resources": {
                "data.oci_identity_availability_domains.ashburn": {
                    "type": "oci_identity_availability_domains",
                    "depends_on": [],
                    "primary": {
                        "id": "2018-10-19 07:48:16.447134157 +0000 UTC",
                        "attributes": {
                            "availability_domains.#": "3",
                            "availability_domains.0.compartment_id": "ocid1.tenancy.oc1..aaaaaaaaxd5s7oyjdshdfrtcyccrofj24otfsyald4cuxcxd6ceoxw5copjq",
                            "availability_domains.0.name": "fyhg:US-ASHBURN-AD-1",
                            "availability_domains.1.compartment_id": "ocid1.tenancy.oc1..aaaaaaaaxd5s7oyjdshdfrtcyccrofj24otfsyald4cuxcxd6ceoxw5copjq",
                            "availability_domains.1.name": "fyhg:US-ASHBURN-AD-2",
                            "availability_domains.2.compartment_id": "ocid1.tenancy.oc1..aaaaaaaaxd5s7oyjdshdfrtcyccrofj24otfsyald4cuxcxd6ceoxw5copjq",
                            "availability_domains.2.name": "fyhg:US-ASHBURN-AD-3",
                            "compartment_id": "ocid1.tenancy.oc1..aaaaaaaaxd5s7oyjdshdfrtcyccrofj24otfsyald4cuxcxd6ceoxw5copjq",
                            "id": "2018-10-19 07:48:16.447134157 +0000 UTC"
                        },
                        "meta": {},
                        "tainted": false
                    },
                    "deposed": [],
                    "provider": "provider.oci"
                },
                "oci_containerengine_cluster.oke_cluster": {
                    "type": "oci_containerengine_cluster",
                    "depends_on": [
                        "oci_core_subnet.s-lb1",
                        "oci_core_subnet.s-lb2",
                        "oci_core_virtual_network.oke-vcn"
                    ],
                    "primary": {
                        "id": "ocid1.cluster.oc1.iad.aaaaaaaaafrtenztmm4dcyjyga2tayzymeydeyjumnsdgn3dgc4tonrzheyw",
                        "attributes": {
                            "available_kubernetes_upgrades.#": "0",
                            "compartment_id": "ocid1.compartment.oc1..aaaaaaaawulrfzhe3wljw42fdthyndkfqgyv45xxkrvckbnk4wcachqu7wdq",
                            "endpoints.#": "1",
                            "endpoints.0.kubernetes": "c4tonrzheyw.us-ashburn-1.clusters.oci.oraclecloud.com:6443",
                            "id": "ocid1.cluster.oc1.iad.aaaaaaaaafrtenztmm4dcyjyga2tayzymeydeyjumnsdgn3dgc4tonrzheyw",
                            "kubernetes_version": "v1.11.1",
                            "lifecycle_details": "",
                            "metadata.#": "1",
                            "metadata.0.created_by_user_id": "ocid1.user.oc1..aaaaaaaax3ghzhxtw7fkeibp725rvjf2jkmgxm2vpbprd63elgkodyamgiza",
                            "metadata.0.created_by_work_request_id": "ocid1.clustersworkrequest.oc1.iad.aaaaaaaaae4wiobtgnstgmjxgntggmjtme2tamzug43gkn3dmw4tinjzmmzg",
                            "metadata.0.deleted_by_user_id": "",
                            "metadata.0.deleted_by_work_request_id": "",
                            "metadata.0.time_created": "2018-10-19 07:48:34 +0000 UTC",
                            "metadata.0.time_deleted": "",
                            "metadata.0.time_updated": "",
                            "metadata.0.updated_by_user_id": "",
                            "metadata.0.updated_by_work_request_id": "",
                            "name": "OKE_Cluster",
                            "options.#": "1",
                            "options.0.add_ons.#": "1",
                            "options.0.add_ons.0.is_kubernetes_dashboard_enabled": "true",
                            "options.0.add_ons.0.is_tiller_enabled": "true",
                            "options.0.kubernetes_network_config.#": "1",
                            "options.0.kubernetes_network_config.0.pods_cidr": "10.1.0.0/16",
                            "options.0.kubernetes_network_config.0.services_cidr": "10.2.0.0/16",
                            "options.0.service_lb_subnet_ids.#": "2",
                            "options.0.service_lb_subnet_ids.0": "ocid1.subnet.oc1.iad.aaaaaaaair4mjtkwfs7zkpnlwoy236rzv3mejzvxx2qvltipfpcawo3hw2qq",
                            "options.0.service_lb_subnet_ids.1": "ocid1.subnet.oc1.iad.aaaaaaaaztjegtgksncfbx67fnjbihw3bsqukygpggww6wxtbgep3irizjsq",
                            "state": "ACTIVE",
                            "vcn_id": "ocid1.vcn.oc1.iad.aaaaaaaawfd46tyy3ktha54he7ya7kccmivu2s6eesj32gaol7bxc4elphnq"
                        },
                        "meta": {
                            "e2bfb730-ecaa-11e6-8f88-34363bc7c4c0": {
                                "create": 900000000000,
                                "delete": 900000000000,
                                "update": 900000000000
                            }
                        },
                        "tainted": false
                    },
                    "deposed": [],
                    "provider": "provider.oci"
                },
                "oci_containerengine_node_pool.node_pool1": {
                    "type": "oci_containerengine_node_pool",
                    "depends_on": [
                        "oci_containerengine_cluster.oke_cluster",
                        "oci_core_subnet.s-w1",
                        "oci_core_subnet.s-w2"
                    ],
                    "primary": {
                        "id": "ocid1.nodepool.oc1.iad.aaaaaaaaae3dsobvgqytgyzxmjtgimjsgi3gkmzumi3gmzrsmnygmyrzme3d",
                        "attributes": {
                            "cluster_id": "ocid1.cluster.oc1.iad.aaaaaaaaafrtenztmm4dcyjyga2tayzymeydeyjumnsdgn3dgc4tonrzheyw",
                            "compartment_id": "ocid1.compartment.oc1..aaaaaaaawulrfzhe3wljw42fdthyndkfqgyv45xxkrvckbnk4wcachqu7wdq",
                            "id": "ocid1.nodepool.oc1.iad.aaaaaaaaae3dsobvgqytgyzxmjtgimjsgi3gkmzumi3gmzrsmnygmyrzme3d",
                            "initial_node_labels.#": "1",
                            "initial_node_labels.0.key": "project",
                            "initial_node_labels.0.value": "dev",
                            "kubernetes_version": "v1.11.1",
                            "name": "NodePool_1",
                            "node_image_id": "ocid1.image.oc1.iad.aaaaaaaaiu73xa6afjzskjwvt3j5shpmboxtlo7yw4xpeqpdz5czpde7px2a",
                            "node_image_name": "Oracle-Linux-7.5",
                            "node_shape": "VM.Standard1.2",
                            "nodes.#": "0",
                            "quantity_per_subnet": "1",
                            "ssh_public_key": "ssh-rsa AAAAB3NzaC1yc2EAAAADAQABAAABAQDCllzCbs85bP4Ac7twzfcGamxvN3RuyVut8Dij6hY2t+ONYOP8Fjqxc0XyyS0BHpfzhvCvGtuMu6l82wSB2aseH0G4sthPbmTbnvNrOYGm7lf/milApc18DE6IDYlz/obe+l0h6t9mY7lsQxunIKLMvRDfbS1+DjEUU1ohfimMIYTnhje+tvTfZ3sLFS+PPRs+8iAJWT/Ls4EW053coxkfHafGj16UXKVgdONhCpNpS3RaoMqSVSuMwyjQx8fqxMA1pK11jVwBkAX3EDg8YClnMKyKGKCu3suOJuLJGzE72IDUhKVtXj/PQ/2XH7qz4ELMzzLEn4PPgMrnLFN9AHrJ sararif@sararif-mac",
                            "subnet_ids.#": "2",
                            "subnet_ids.1504040311": "ocid1.subnet.oc1.iad.aaaaaaaa4w4selcrsxtlf45yhsonjkeckjnt6ztzfqfdmxzaptm3gzkmjaoq",
                            "subnet_ids.2645866674": "ocid1.subnet.oc1.iad.aaaaaaaasqqii2uapa2mo52hri4d6jtstousmdjeiyi56baagqjrepnovnpa"
                        },
                        "meta": {
                            "e2bfb730-ecaa-11e6-8f88-34363bc7c4c0": {
                                "create": 900000000000,
                                "delete": 900000000000,
                                "update": 900000000000
                            }
                        },
                        "tainted": false
                    },
                    "deposed": [],
                    "provider": "provider.oci"
                },
                "oci_core_internet_gateway.igw": {
                    "type": "oci_core_internet_gateway",
                    "depends_on": [
                        "oci_core_virtual_network.oke-vcn"
                    ],
                    "primary": {
                        "id": "ocid1.internetgateway.oc1.iad.aaaaaaaae6ezgjvz7g3p77uhrzzrbxtjs7ryzrbrwvkia37x24snixonnqba",
                        "attributes": {
                            "compartment_id": "ocid1.compartment.oc1..aaaaaaaawulrfzhe3wljw42fdthyndkfqgyv45xxkrvckbnk4wcachqu7wdq",
                            "defined_tags.%": "0",
                            "display_name": "igw",
                            "enabled": "true",
                            "freeform_tags.%": "0",
                            "id": "ocid1.internetgateway.oc1.iad.aaaaaaaae6ezgjvz7g3p77uhrzzrbxtjs7ryzrbrwvkia37x24snixonnqba",
                            "state": "AVAILABLE",
                            "time_created": "2018-10-19 07:48:25.683 +0000 UTC",
                            "vcn_id": "ocid1.vcn.oc1.iad.aaaaaaaawfd46tyy3ktha54he7ya7kccmivu2s6eesj32gaol7bxc4elphnq"
                        },
                        "meta": {
                            "e2bfb730-ecaa-11e6-8f88-34363bc7c4c0": {
                                "create": 900000000000,
                                "delete": 900000000000,
                                "update": 900000000000
                            }
                        },
                        "tainted": false
                    },
                    "deposed": [],
                    "provider": "provider.oci"
                },
                "oci_core_route_table.rt1": {
                    "type": "oci_core_route_table",
                    "depends_on": [
                        "oci_core_internet_gateway.igw",
                        "oci_core_virtual_network.oke-vcn"
                    ],
                    "primary": {
                        "id": "ocid1.routetable.oc1.iad.aaaaaaaantaprv2xpbu6vyoit7wajtvlxppzclrvph3q6hnyz7mk6s5tbl2q",
                        "attributes": {
                            "compartment_id": "ocid1.compartment.oc1..aaaaaaaawulrfzhe3wljw42fdthyndkfqgyv45xxkrvckbnk4wcachqu7wdq",
                            "defined_tags.%": "0",
                            "display_name": "rt1",
                            "freeform_tags.%": "0",
                            "id": "ocid1.routetable.oc1.iad.aaaaaaaantaprv2xpbu6vyoit7wajtvlxppzclrvph3q6hnyz7mk6s5tbl2q",
                            "route_rules.#": "1",
                            "route_rules.1958882885.cidr_block": "0.0.0.0/0",
                            "route_rules.1958882885.destination": "0.0.0.0/0",
                            "route_rules.1958882885.destination_type": "CIDR_BLOCK",
                            "route_rules.1958882885.network_entity_id": "ocid1.internetgateway.oc1.iad.aaaaaaaae6ezgjvz7g3p77uhrzzrbxtjs7ryzrbrwvkia37x24snixonnqba",
                            "state": "AVAILABLE",
                            "time_created": "2018-10-19 07:48:26.163 +0000 UTC",
                            "vcn_id": "ocid1.vcn.oc1.iad.aaaaaaaawfd46tyy3ktha54he7ya7kccmivu2s6eesj32gaol7bxc4elphnq"
                        },
                        "meta": {
                            "e2bfb730-ecaa-11e6-8f88-34363bc7c4c0": {
                                "create": 900000000000,
                                "delete": 900000000000,
                                "update": 900000000000
                            }
                        },
                        "tainted": false
                    },
                    "deposed": [],
                    "provider": "provider.oci"
                },
                "oci_core_security_list.sl-lb": {
                    "type": "oci_core_security_list",
                    "depends_on": [
                        "oci_core_virtual_network.oke-vcn"
                    ],
                    "primary": {
                        "id": "ocid1.securitylist.oc1.iad.aaaaaaaajjvhmhsoq7dwzpjdggak3bjxkmw6ifc3eitepk35lkmswqmbkjza",
                        "attributes": {
                            "compartment_id": "ocid1.compartment.oc1..aaaaaaaawulrfzhe3wljw42fdthyndkfqgyv45xxkrvckbnk4wcachqu7wdq",
                            "defined_tags.%": "0",
                            "display_name": "sl-loadbalancer",
                            "egress_security_rules.#": "1",
                            "egress_security_rules.1465854436.destination": "0.0.0.0/0",
                            "egress_security_rules.1465854436.destination_type": "CIDR_BLOCK",
                            "egress_security_rules.1465854436.icmp_options.#": "0",
                            "egress_security_rules.1465854436.protocol": "6",
                            "egress_security_rules.1465854436.stateless": "true",
                            "egress_security_rules.1465854436.tcp_options.#": "0",
                            "egress_security_rules.1465854436.udp_options.#": "0",
                            "freeform_tags.%": "0",
                            "id": "ocid1.securitylist.oc1.iad.aaaaaaaajjvhmhsoq7dwzpjdggak3bjxkmw6ifc3eitepk35lkmswqmbkjza",
                            "ingress_security_rules.#": "1",
                            "ingress_security_rules.2278796698.icmp_options.#": "0",
                            "ingress_security_rules.2278796698.protocol": "6",
                            "ingress_security_rules.2278796698.source": "0.0.0.0/0",
                            "ingress_security_rules.2278796698.source_type": "CIDR_BLOCK",
                            "ingress_security_rules.2278796698.stateless": "true",
                            "ingress_security_rules.2278796698.tcp_options.#": "0",
                            "ingress_security_rules.2278796698.udp_options.#": "0",
                            "state": "AVAILABLE",
                            "time_created": "2018-10-19 07:48:25.885 +0000 UTC",
                            "vcn_id": "ocid1.vcn.oc1.iad.aaaaaaaawfd46tyy3ktha54he7ya7kccmivu2s6eesj32gaol7bxc4elphnq"
                        },
                        "meta": {
                            "e2bfb730-ecaa-11e6-8f88-34363bc7c4c0": {
                                "create": 900000000000,
                                "delete": 900000000000,
                                "update": 900000000000
                            }
                        },
                        "tainted": false
                    },
                    "deposed": [],
                    "provider": "provider.oci"
                },
                "oci_core_security_list.sl-w": {
                    "type": "oci_core_security_list",
                    "depends_on": [
                        "oci_core_virtual_network.oke-vcn"
                    ],
                    "primary": {
                        "id": "ocid1.securitylist.oc1.iad.aaaaaaaa7mb2qfvfco4i7wamu4clzcmiga3xncgq2epyir5oxdabdwgy6xna",
                        "attributes": {
                            "compartment_id": "ocid1.compartment.oc1..aaaaaaaawulrfzhe3wljw42fdthyndkfqgyv45xxkrvckbnk4wcachqu7wdq",
                            "defined_tags.%": "0",
                            "display_name": "sl-workernodes",
                            "egress_security_rules.#": "2",
                            "egress_security_rules.1582479153.destination": "0.0.0.0/0",
                            "egress_security_rules.1582479153.destination_type": "CIDR_BLOCK",
                            "egress_security_rules.1582479153.icmp_options.#": "0",
                            "egress_security_rules.1582479153.protocol": "all",
                            "egress_security_rules.1582479153.stateless": "false",
                            "egress_security_rules.1582479153.tcp_options.#": "0",
                            "egress_security_rules.1582479153.udp_options.#": "0",
                            "egress_security_rules.481285791.destination": "10.0.0.0/16",
                            "egress_security_rules.481285791.destination_type": "CIDR_BLOCK",
                            "egress_security_rules.481285791.icmp_options.#": "0",
                            "egress_security_rules.481285791.protocol": "all",
                            "egress_security_rules.481285791.stateless": "true",
                            "egress_security_rules.481285791.tcp_options.#": "0",
                            "egress_security_rules.481285791.udp_options.#": "0",
                            "freeform_tags.%": "0",
                            "id": "ocid1.securitylist.oc1.iad.aaaaaaaa7mb2qfvfco4i7wamu4clzcmiga3xncgq2epyir5oxdabdwgy6xna",
                            "ingress_security_rules.#": "4",
                            "ingress_security_rules.1277982996.icmp_options.#": "1",
                            "ingress_security_rules.1277982996.icmp_options.0.code": "4",
                            "ingress_security_rules.1277982996.icmp_options.0.type": "3",
                            "ingress_security_rules.1277982996.protocol": "1",
                            "ingress_security_rules.1277982996.source": "0.0.0.0/0",
                            "ingress_security_rules.1277982996.source_type": "CIDR_BLOCK",
                            "ingress_security_rules.1277982996.stateless": "false",
                            "ingress_security_rules.1277982996.tcp_options.#": "0",
                            "ingress_security_rules.1277982996.udp_options.#": "0",
                            "ingress_security_rules.3461815004.icmp_options.#": "0",
                            "ingress_security_rules.3461815004.protocol": "all",
                            "ingress_security_rules.3461815004.source": "10.0.0.0/16",
                            "ingress_security_rules.3461815004.source_type": "CIDR_BLOCK",
                            "ingress_security_rules.3461815004.stateless": "true",
                            "ingress_security_rules.3461815004.tcp_options.#": "0",
                            "ingress_security_rules.3461815004.udp_options.#": "0",
                            "ingress_security_rules.35780056.icmp_options.#": "0",
                            "ingress_security_rules.35780056.protocol": "6",
                            "ingress_security_rules.35780056.source": "130.35.0.0/16",
                            "ingress_security_rules.35780056.source_type": "CIDR_BLOCK",
                            "ingress_security_rules.35780056.stateless": "false",
                            "ingress_security_rules.35780056.tcp_options.#": "1",
                            "ingress_security_rules.35780056.tcp_options.0.max": "22",
                            "ingress_security_rules.35780056.tcp_options.0.min": "22",
                            "ingress_security_rules.35780056.tcp_options.0.source_port_range.#": "0",
                            "ingress_security_rules.35780056.udp_options.#": "0",
                            "ingress_security_rules.4158653140.icmp_options.#": "0",
                            "ingress_security_rules.4158653140.protocol": "6",
                            "ingress_security_rules.4158653140.source": "138.1.0.0/17",
                            "ingress_security_rules.4158653140.source_type": "CIDR_BLOCK",
                            "ingress_security_rules.4158653140.stateless": "false",
                            "ingress_security_rules.4158653140.tcp_options.#": "1",
                            "ingress_security_rules.4158653140.tcp_options.0.max": "22",
                            "ingress_security_rules.4158653140.tcp_options.0.min": "22",
                            "ingress_security_rules.4158653140.tcp_options.0.source_port_range.#": "0",
                            "ingress_security_rules.4158653140.udp_options.#": "0",
                            "state": "AVAILABLE",
                            "time_created": "2018-10-19 07:48:26.008 +0000 UTC",
                            "vcn_id": "ocid1.vcn.oc1.iad.aaaaaaaawfd46tyy3ktha54he7ya7kccmivu2s6eesj32gaol7bxc4elphnq"
                        },
                        "meta": {
                            "e2bfb730-ecaa-11e6-8f88-34363bc7c4c0": {
                                "create": 900000000000,
                                "delete": 900000000000,
                                "update": 900000000000
                            }
                        },
                        "tainted": false
                    },
                    "deposed": [],
                    "provider": "provider.oci"
                },
                "oci_core_subnet.s-lb1": {
                    "type": "oci_core_subnet",
                    "depends_on": [
                        "data.oci_identity_availability_domains.ashburn",
                        "oci_core_route_table.rt1",
                        "oci_core_security_list.sl-lb",
                        "oci_core_virtual_network.oke-vcn"
                    ],
                    "primary": {
                        "id": "ocid1.subnet.oc1.iad.aaaaaaaair4mjtkwfs7zkpnlwoy236rzv3mejzvxx2qvltipfpcawo3hw2qq",
                        "attributes": {
                            "availability_domain": "fyhg:US-ASHBURN-AD-1",
                            "cidr_block": "10.0.20.0/24",
                            "compartment_id": "ocid1.compartment.oc1..aaaaaaaawulrfzhe3wljw42fdthyndkfqgyv45xxkrvckbnk4wcachqu7wdq",
                            "defined_tags.%": "0",
                            "dhcp_options_id": "ocid1.dhcpoptions.oc1.iad.aaaaaaaautzy3baahiovd2y73oc52jftnmpzzumtzbvr7yds5snqglajbwba",
                            "display_name": "subnet1-loadbalancer",
                            "freeform_tags.%": "0",
                            "id": "ocid1.subnet.oc1.iad.aaaaaaaair4mjtkwfs7zkpnlwoy236rzv3mejzvxx2qvltipfpcawo3hw2qq",
                            "prohibit_public_ip_on_vnic": "false",
                            "route_table_id": "ocid1.routetable.oc1.iad.aaaaaaaantaprv2xpbu6vyoit7wajtvlxppzclrvph3q6hnyz7mk6s5tbl2q",
                            "security_list_ids.#": "1",
                            "security_list_ids.3806466013": "ocid1.securitylist.oc1.iad.aaaaaaaajjvhmhsoq7dwzpjdggak3bjxkmw6ifc3eitepk35lkmswqmbkjza",
                            "state": "AVAILABLE",
                            "time_created": "2018-10-19 07:48:26.857 +0000 UTC",
                            "vcn_id": "ocid1.vcn.oc1.iad.aaaaaaaawfd46tyy3ktha54he7ya7kccmivu2s6eesj32gaol7bxc4elphnq",
                            "virtual_router_ip": "10.0.20.1",
                            "virtual_router_mac": "00:00:17:66:1B:96"
                        },
                        "meta": {
                            "e2bfb730-ecaa-11e6-8f88-34363bc7c4c0": {
                                "create": 900000000000,
                                "delete": 900000000000,
                                "update": 900000000000
                            }
                        },
                        "tainted": false
                    },
                    "deposed": [],
                    "provider": "provider.oci"
                },
                "oci_core_subnet.s-lb2": {
                    "type": "oci_core_subnet",
                    "depends_on": [
                        "data.oci_identity_availability_domains.ashburn",
                        "oci_core_route_table.rt1",
                        "oci_core_security_list.sl-lb",
                        "oci_core_virtual_network.oke-vcn"
                    ],
                    "primary": {
                        "id": "ocid1.subnet.oc1.iad.aaaaaaaaztjegtgksncfbx67fnjbihw3bsqukygpggww6wxtbgep3irizjsq",
                        "attributes": {
                            "availability_domain": "fyhg:US-ASHBURN-AD-2",
                            "cidr_block": "10.0.10.0/24",
                            "compartment_id": "ocid1.compartment.oc1..aaaaaaaawulrfzhe3wljw42fdthyndkfqgyv45xxkrvckbnk4wcachqu7wdq",
                            "defined_tags.%": "0",
                            "dhcp_options_id": "ocid1.dhcpoptions.oc1.iad.aaaaaaaautzy3baahiovd2y73oc52jftnmpzzumtzbvr7yds5snqglajbwba",
                            "display_name": "subnet2-loadbalancer",
                            "freeform_tags.%": "0",
                            "id": "ocid1.subnet.oc1.iad.aaaaaaaaztjegtgksncfbx67fnjbihw3bsqukygpggww6wxtbgep3irizjsq",
                            "prohibit_public_ip_on_vnic": "false",
                            "route_table_id": "ocid1.routetable.oc1.iad.aaaaaaaantaprv2xpbu6vyoit7wajtvlxppzclrvph3q6hnyz7mk6s5tbl2q",
                            "security_list_ids.#": "1",
                            "security_list_ids.3806466013": "ocid1.securitylist.oc1.iad.aaaaaaaajjvhmhsoq7dwzpjdggak3bjxkmw6ifc3eitepk35lkmswqmbkjza",
                            "state": "AVAILABLE",
                            "time_created": "2018-10-19 07:48:27.146 +0000 UTC",
                            "vcn_id": "ocid1.vcn.oc1.iad.aaaaaaaawfd46tyy3ktha54he7ya7kccmivu2s6eesj32gaol7bxc4elphnq",
                            "virtual_router_ip": "10.0.10.1",
                            "virtual_router_mac": "00:00:17:66:1B:96"
                        },
                        "meta": {
                            "e2bfb730-ecaa-11e6-8f88-34363bc7c4c0": {
                                "create": 900000000000,
                                "delete": 900000000000,
                                "update": 900000000000
                            }
                        },
                        "tainted": false
                    },
                    "deposed": [],
                    "provider": "provider.oci"
                },
                "oci_core_subnet.s-w1": {
                    "type": "oci_core_subnet",
                    "depends_on": [
                        "data.oci_identity_availability_domains.ashburn",
                        "oci_core_route_table.rt1",
                        "oci_core_security_list.sl-w",
                        "oci_core_virtual_network.oke-vcn"
                    ],
                    "primary": {
                        "id": "ocid1.subnet.oc1.iad.aaaaaaaasqqii2uapa2mo52hri4d6jtstousmdjeiyi56baagqjrepnovnpa",
                        "attributes": {
                            "availability_domain": "fyhg:US-ASHBURN-AD-1",
                            "cidr_block": "10.0.1.0/24",
                            "compartment_id": "ocid1.compartment.oc1..aaaaaaaawulrfzhe3wljw42fdthyndkfqgyv45xxkrvckbnk4wcachqu7wdq",
                            "defined_tags.%": "0",
                            "dhcp_options_id": "ocid1.dhcpoptions.oc1.iad.aaaaaaaautzy3baahiovd2y73oc52jftnmpzzumtzbvr7yds5snqglajbwba",
                            "display_name": "subnet1-worker",
                            "freeform_tags.%": "0",
                            "id": "ocid1.subnet.oc1.iad.aaaaaaaasqqii2uapa2mo52hri4d6jtstousmdjeiyi56baagqjrepnovnpa",
                            "prohibit_public_ip_on_vnic": "false",
                            "route_table_id": "ocid1.routetable.oc1.iad.aaaaaaaantaprv2xpbu6vyoit7wajtvlxppzclrvph3q6hnyz7mk6s5tbl2q",
                            "security_list_ids.#": "1",
                            "security_list_ids.1588231352": "ocid1.securitylist.oc1.iad.aaaaaaaa7mb2qfvfco4i7wamu4clzcmiga3xncgq2epyir5oxdabdwgy6xna",
                            "state": "AVAILABLE",
                            "time_created": "2018-10-19 07:48:26.617 +0000 UTC",
                            "vcn_id": "ocid1.vcn.oc1.iad.aaaaaaaawfd46tyy3ktha54he7ya7kccmivu2s6eesj32gaol7bxc4elphnq",
                            "virtual_router_ip": "10.0.1.1",
                            "virtual_router_mac": "00:00:17:66:1B:96"
                        },
                        "meta": {
                            "e2bfb730-ecaa-11e6-8f88-34363bc7c4c0": {
                                "create": 900000000000,
                                "delete": 900000000000,
                                "update": 900000000000
                            }
                        },
                        "tainted": false
                    },
                    "deposed": [],
                    "provider": "provider.oci"
                },
                "oci_core_subnet.s-w2": {
                    "type": "oci_core_subnet",
                    "depends_on": [
                        "data.oci_identity_availability_domains.ashburn",
                        "oci_core_route_table.rt1",
                        "oci_core_security_list.sl-w",
                        "oci_core_virtual_network.oke-vcn"
                    ],
                    "primary": {
                        "id": "ocid1.subnet.oc1.iad.aaaaaaaa4w4selcrsxtlf45yhsonjkeckjnt6ztzfqfdmxzaptm3gzkmjaoq",
                        "attributes": {
                            "availability_domain": "fyhg:US-ASHBURN-AD-2",
                            "cidr_block": "10.0.2.0/24",
                            "compartment_id": "ocid1.compartment.oc1..aaaaaaaawulrfzhe3wljw42fdthyndkfqgyv45xxkrvckbnk4wcachqu7wdq",
                            "defined_tags.%": "0",
                            "dhcp_options_id": "ocid1.dhcpoptions.oc1.iad.aaaaaaaautzy3baahiovd2y73oc52jftnmpzzumtzbvr7yds5snqglajbwba",
                            "display_name": "subnet2-worker",
                            "freeform_tags.%": "0",
                            "id": "ocid1.subnet.oc1.iad.aaaaaaaa4w4selcrsxtlf45yhsonjkeckjnt6ztzfqfdmxzaptm3gzkmjaoq",
                            "prohibit_public_ip_on_vnic": "false",
                            "route_table_id": "ocid1.routetable.oc1.iad.aaaaaaaantaprv2xpbu6vyoit7wajtvlxppzclrvph3q6hnyz7mk6s5tbl2q",
                            "security_list_ids.#": "1",
                            "security_list_ids.1588231352": "ocid1.securitylist.oc1.iad.aaaaaaaa7mb2qfvfco4i7wamu4clzcmiga3xncgq2epyir5oxdabdwgy6xna",
                            "state": "AVAILABLE",
                            "time_created": "2018-10-19 07:48:27.247 +0000 UTC",
                            "vcn_id": "ocid1.vcn.oc1.iad.aaaaaaaawfd46tyy3ktha54he7ya7kccmivu2s6eesj32gaol7bxc4elphnq",
                            "virtual_router_ip": "10.0.2.1",
                            "virtual_router_mac": "00:00:17:66:1B:96"
                        },
                        "meta": {
                            "e2bfb730-ecaa-11e6-8f88-34363bc7c4c0": {
                                "create": 900000000000,
                                "delete": 900000000000,
                                "update": 900000000000
                            }
                        },
                        "tainted": false
                    },
                    "deposed": [],
                    "provider": "provider.oci"
                },
                "oci_core_virtual_network.oke-vcn": {
                    "type": "oci_core_virtual_network",
                    "depends_on": [],
                    "primary": {
                        "id": "ocid1.vcn.oc1.iad.aaaaaaaawfd46tyy3ktha54he7ya7kccmivu2s6eesj32gaol7bxc4elphnq",
                        "attributes": {
                            "cidr_block": "10.0.0.0/16",
                            "compartment_id": "ocid1.compartment.oc1..aaaaaaaawulrfzhe3wljw42fdthyndkfqgyv45xxkrvckbnk4wcachqu7wdq",
                            "default_dhcp_options_id": "ocid1.dhcpoptions.oc1.iad.aaaaaaaautzy3baahiovd2y73oc52jftnmpzzumtzbvr7yds5snqglajbwba",
                            "default_route_table_id": "ocid1.routetable.oc1.iad.aaaaaaaavpfkdgzc2furyzlpfkhlrlkfrtyi5wlqafruk75vxq5ykoxcz2qa",
                            "default_security_list_id": "ocid1.securitylist.oc1.iad.aaaaaaaaxv2cf25wfjqwpa66rayg6fwsqnmo4frzs35t3ysfuplyjphtbg5q",
                            "defined_tags.%": "0",
                            "display_name": "oke-vcn",
                            "dns_label": "okevcn",
                            "freeform_tags.%": "0",
                            "id": "ocid1.vcn.oc1.iad.aaaaaaaawfd46tyy3ktha54he7ya7kccmivu2s6eesj32gaol7bxc4elphnq",
                            "state": "AVAILABLE",
                            "time_created": "2018-10-19 07:48:20.126 +0000 UTC",
                            "vcn_domain_name": "okevcn.oraclevcn.com"
                        },
                        "meta": {
                            "e2bfb730-ecaa-11e6-8f88-34363bc7c4c0": {
                                "create": 900000000000,
                                "delete": 900000000000,
                                "update": 900000000000
                            }
                        },
                        "tainted": false
                    },
                    "deposed": [],
                    "provider": "provider.oci"
                }
            },
            "depends_on": []
        }
    ]
}
